<?xml version="1.0" encoding="utf-8"?>
<Project ToolsVersion="4.0" xmlns="http://schemas.microsoft.com/developer/msbuild/2003">
  <ItemGroup>
    <Filter Include="源文件">
      <UniqueIdentifier>{4FC737F1-C7A5-4376-A066-2A32D752A2FF}</UniqueIdentifier>
      <Extensions>cpp;c;cc;cxx;c++;cppm;ixx;def;odl;idl;hpj;bat;asm;asmx</Extensions>
    </Filter>
    <Filter Include="头文件">
      <UniqueIdentifier>{93995380-89BD-4b04-88EB-625FBE52EBFB}</UniqueIdentifier>
      <Extensions>h;hh;hpp;hxx;h++;hm;inl;inc;ipp;xsd</Extensions>
    </Filter>
    <Filter Include="资源文件">
      <UniqueIdentifier>{67DA6AB6-F800-4c08-8B7A-83BB121AAD01}</UniqueIdentifier>
      <Extensions>rc;ico;cur;bmp;dlg;rc2;rct;bin;rgs;gif;jpg;jpeg;jpe;resx;tiff;tif;png;wav;mfcribbon-ms</Extensions>
    </Filter>
    <Filter Include="模块">
      <UniqueIdentifier>{d5561f32-719a-4c47-a2ea-514d744843bf}</UniqueIdentifier>
    </Filter>
    <Filter Include="模块\runtimelibs">
      <UniqueIdentifier>{3a508543-1097-45c1-8ee3-c2138d2ce224}</UniqueIdentifier>
    </Filter>
    <Filter Include="模块\thirdparty_wrapper">
      <UniqueIdentifier>{f9144420-9f59-4d0e-8397-8973fef2eb3d}</UniqueIdentifier>
    </Filter>
  </ItemGroup>
  <ItemGroup>
    <ClCompile Include="src\runtimelib.cpp">
      <Filter>源文件</Filter>
    </ClCompile>
    <ClCompile Include="src\value.cpp">
      <Filter>源文件</Filter>
    </ClCompile>
    <ClCompile Include="src\vm.cpp">
      <Filter>源文件</Filter>
    </ClCompile>
    <ClCompile Include="src\debug.cpp">
      <Filter>源文件</Filter>
    </ClCompile>
    <ClCompile Include="src\runtimelibs\algorithm.ixx">
      <Filter>模块\runtimelibs</Filter>
    </ClCompile>
    <ClCompile Include="src\runtimelibs\io.ixx">
      <Filter>模块\runtimelibs</Filter>
    </ClCompile>
    <ClCompile Include="src\runtimelibs\math.ixx">
      <Filter>模块\runtimelibs</Filter>
    </ClCompile>
    <ClCompile Include="src\runtimelibs\profiler.ixx">
      <Filter>模块\runtimelibs</Filter>
    </ClCompile>
    <ClCompile Include="src\compiletime_value.ixx">
      <Filter>模块</Filter>
    </ClCompile>
    <ClCompile Include="src\except.ixx">
      <Filter>模块</Filter>
    </ClCompile>
    <ClCompile Include="src\runtimelib.ixx">
      <Filter>模块</Filter>
    </ClCompile>
    <ClCompile Include="src\token.ixx">
      <Filter>模块</Filter>
    </ClCompile>
    <ClCompile Include="src\vm.ixx">
      <Filter>模块</Filter>
    </ClCompile>
    <ClCompile Include="src\main.ixx">
      <Filter>模块</Filter>
    </ClCompile>
    <ClCompile Include="src\value.ixx">
      <Filter>模块</Filter>
    </ClCompile>
    <ClCompile Include="src\chunk.ixx">
      <Filter>模块</Filter>
    </ClCompile>
    <ClCompile Include="src\cppinterop.ixx">
      <Filter>模块</Filter>
    </ClCompile>
    <ClCompile Include="src\expr.ixx">
      <Filter>模块</Filter>
    </ClCompile>
    <ClCompile Include="src\util.ixx">
      <Filter>模块</Filter>
    </ClCompile>
    <ClCompile Include="src\serialization.ixx">
      <Filter>模块</Filter>
    </ClCompile>
    <ClCompile Include="src\stmt.ixx">
      <Filter>模块</Filter>
    </ClCompile>
    <ClCompile Include="src\codegen.ixx">
      <Filter>模块</Filter>
    </ClCompile>
    <ClCompile Include="src\parser.ixx">
      <Filter>模块</Filter>
    </ClCompile>
    <ClCompile Include="src\resolver.ixx">
      <Filter>模块</Filter>
    </ClCompile>
    <ClCompile Include="src\scanner.ixx">
      <Filter>模块</Filter>
    </ClCompile>
    <ClCompile Include="src\compiler.ixx">
      <Filter>模块</Filter>
    </ClCompile>
    <ClCompile Include="src\mem_alloc.ixx">
      <Filter>模块</Filter>
    </ClCompile>
    <ClCompile Include="src\config.ixx">
      <Filter>模块</Filter>
    </ClCompile>
    <ClCompile Include="src\format_error.ixx">
      <Filter>模块</Filter>
    </ClCompile>
    <ClCompile Include="src\chunk.cpp">
      <Filter>源文件</Filter>
    </ClCompile>
    <ClCompile Include="src\object.cpp">
      <Filter>源文件</Filter>
    </ClCompile>
    <ClCompile Include="src\object.ixx">
      <Filter>模块</Filter>
    </ClCompile>
    <ClCompile Include="src\hash_table.ixx">
      <Filter>模块</Filter>
    </ClCompile>
    <ClCompile Include="src\hash_table.cpp">
      <Filter>源文件</Filter>
    </ClCompile>
    <ClCompile Include="src\debug.ixx">
      <Filter>模块</Filter>
    </ClCompile>
    <ClCompile Include="src\thirdparty_wrapper\libicu.ixx">
      <Filter>模块\thirdparty_wrapper</Filter>
    </ClCompile>
  </ItemGroup>
  <ItemGroup>
    <ClInclude Include="src\opcode.h">
      <Filter>头文件</Filter>
    </ClInclude>
  </ItemGroup>
</Project>