<?xml version="1.0" encoding="utf-8"?>
<Project ToolsVersion="4.0" xmlns="http://schemas.microsoft.com/developer/msbuild/2003">
  <ItemGroup>
    <Filter Include="源文件">
      <UniqueIdentifier>{4FC737F1-C7A5-4376-A066-2A32D752A2FF}</UniqueIdentifier>
      <Extensions>cpp;c;cc;cxx;c++;cppm;ixx;def;odl;idl;hpj;bat;asm;asmx</Extensions>
    </Filter>
    <Filter Include="头文件">
      <UniqueIdentifier>{93995380-89BD-4b04-88EB-625FBE52EBFB}</UniqueIdentifier>
      <Extensions>h;hh;hpp;hxx;h++;hm;inl;inc;ipp;xsd</Extensions>
    </Filter>
    <Filter Include="资源文件">
      <UniqueIdentifier>{67DA6AB6-F800-4c08-8B7A-83BB121AAD01}</UniqueIdentifier>
      <Extensions>rc;ico;cur;bmp;dlg;rc2;rct;bin;rgs;gif;jpg;jpeg;jpe;resx;tiff;tif;png;wav;mfcribbon-ms</Extensions>
    </Filter>
    <Filter Include="头文件\include">
      <UniqueIdentifier>{1bad9b33-68c1-4630-a664-39b09c96f2e9}</UniqueIdentifier>
    </Filter>
    <Filter Include="头文件\src">
      <UniqueIdentifier>{86169326-04be-4312-9389-b51183a9499f}</UniqueIdentifier>
    </Filter>
    <Filter Include="模块">
      <UniqueIdentifier>{d5561f32-719a-4c47-a2ea-514d744843bf}</UniqueIdentifier>
    </Filter>
    <Filter Include="模块\include">
      <UniqueIdentifier>{e5a13a49-070b-45d1-87c9-c2fd6747803d}</UniqueIdentifier>
    </Filter>
    <Filter Include="模块\src">
      <UniqueIdentifier>{4900baf0-9a53-4932-a35f-a054ccefc2f1}</UniqueIdentifier>
    </Filter>
    <Filter Include="模块\src\runtimelibs">
      <UniqueIdentifier>{3a508543-1097-45c1-8ee3-c2138d2ce224}</UniqueIdentifier>
    </Filter>
  </ItemGroup>
  <ItemGroup>
    <ClCompile Include="src\chunk.cpp">
      <Filter>源文件</Filter>
    </ClCompile>
    <ClCompile Include="src\codegen.cpp">
      <Filter>源文件</Filter>
    </ClCompile>
    <ClCompile Include="src\common.cpp">
      <Filter>源文件</Filter>
    </ClCompile>
    <ClCompile Include="src\compiler.cpp">
      <Filter>源文件</Filter>
    </ClCompile>
    <ClCompile Include="src\config.cpp">
      <Filter>源文件</Filter>
    </ClCompile>
    <ClCompile Include="src\cppinterop.cpp">
      <Filter>源文件</Filter>
    </ClCompile>
    <ClCompile Include="src\expr.cpp">
      <Filter>源文件</Filter>
    </ClCompile>
    <ClCompile Include="src\hash_table.cpp">
      <Filter>源文件</Filter>
    </ClCompile>
    <ClCompile Include="src\mem_alloc.cpp">
      <Filter>源文件</Filter>
    </ClCompile>
    <ClCompile Include="src\object.cpp">
      <Filter>源文件</Filter>
    </ClCompile>
    <ClCompile Include="src\opcode.cpp">
      <Filter>源文件</Filter>
    </ClCompile>
    <ClCompile Include="src\parser.cpp">
      <Filter>源文件</Filter>
    </ClCompile>
    <ClCompile Include="src\resolver.cpp">
      <Filter>源文件</Filter>
    </ClCompile>
    <ClCompile Include="src\runtimelib.cpp">
      <Filter>源文件</Filter>
    </ClCompile>
    <ClCompile Include="src\scanner.cpp">
      <Filter>源文件</Filter>
    </ClCompile>
    <ClCompile Include="src\serialization.cpp">
      <Filter>源文件</Filter>
    </ClCompile>
    <ClCompile Include="src\stmt.cpp">
      <Filter>源文件</Filter>
    </ClCompile>
    <ClCompile Include="src\util.cpp">
      <Filter>源文件</Filter>
    </ClCompile>
    <ClCompile Include="src\value.cpp">
      <Filter>源文件</Filter>
    </ClCompile>
    <ClCompile Include="src\vm.cpp">
      <Filter>源文件</Filter>
    </ClCompile>
    <ClCompile Include="include\except.ixx">
      <Filter>模块\include</Filter>
    </ClCompile>
    <ClCompile Include="src\token.ixx">
      <Filter>模块\src</Filter>
    </ClCompile>
    <ClCompile Include="src\compiletime_value.ixx">
      <Filter>模块\src</Filter>
    </ClCompile>
    <ClCompile Include="src\debug.cpp">
      <Filter>源文件</Filter>
    </ClCompile>
    <ClCompile Include="include\vm.ixx">
      <Filter>模块\include</Filter>
    </ClCompile>
    <ClCompile Include="src\runtimelib.ixx">
      <Filter>模块\src</Filter>
    </ClCompile>
    <ClCompile Include="src\runtimelibs\algorithm.ixx">
      <Filter>模块\src\runtimelibs</Filter>
    </ClCompile>
    <ClCompile Include="src\runtimelibs\io.ixx">
      <Filter>模块\src\runtimelibs</Filter>
    </ClCompile>
    <ClCompile Include="src\runtimelibs\math.ixx">
      <Filter>模块\src\runtimelibs</Filter>
    </ClCompile>
    <ClCompile Include="src\runtimelibs\profiler.ixx">
      <Filter>模块\src\runtimelibs</Filter>
    </ClCompile>
  </ItemGroup>
  <ItemGroup>
    <ClInclude Include="include\foxlox\chunk.h">
      <Filter>头文件\include</Filter>
    </ClInclude>
    <ClInclude Include="include\foxlox\compiler.h">
      <Filter>头文件\include</Filter>
    </ClInclude>
    <ClInclude Include="include\foxlox\config.h">
      <Filter>头文件\include</Filter>
    </ClInclude>
    <ClInclude Include="include\foxlox\cppinterop.h">
      <Filter>头文件\include</Filter>
    </ClInclude>
    <ClInclude Include="src\codegen.h">
      <Filter>头文件\src</Filter>
    </ClInclude>
    <ClInclude Include="src\common.h">
      <Filter>头文件\src</Filter>
    </ClInclude>
    <ClInclude Include="src\expr.h">
      <Filter>头文件\src</Filter>
    </ClInclude>
    <ClInclude Include="src\hash_table.h">
      <Filter>头文件\src</Filter>
    </ClInclude>
    <ClInclude Include="src\mem_alloc.h">
      <Filter>头文件\src</Filter>
    </ClInclude>
    <ClInclude Include="src\object.h">
      <Filter>头文件\src</Filter>
    </ClInclude>
    <ClInclude Include="src\opcode.h">
      <Filter>头文件\src</Filter>
    </ClInclude>
    <ClInclude Include="src\parser.h">
      <Filter>头文件\src</Filter>
    </ClInclude>
    <ClInclude Include="src\resolver.h">
      <Filter>头文件\src</Filter>
    </ClInclude>
    <ClInclude Include="src\scanner.h">
      <Filter>头文件\src</Filter>
    </ClInclude>
    <ClInclude Include="src\serialization.h">
      <Filter>头文件\src</Filter>
    </ClInclude>
    <ClInclude Include="src\stmt.h">
      <Filter>头文件\src</Filter>
    </ClInclude>
    <ClInclude Include="src\util.h">
      <Filter>头文件\src</Filter>
    </ClInclude>
    <ClInclude Include="src\value.h">
      <Filter>头文件\src</Filter>
    </ClInclude>
  </ItemGroup>
</Project>